Microsoft Visual Studio Solution File, Format Version 12.00
# Visual Studio Version 17
VisualStudioVersion = 17.5.2.0
MinimumVisualStudioVersion = 10.0.40219.1
Project("{2150E333-8FDC-42A3-9474-1A3956D46DE8}") = "tests", "tests", "{0AB3BF05-4346-4AA6-1389-037BE0695223}"
EndProject
Project("{2150E333-8FDC-42A3-9474-1A3956D46DE8}") = "src", "src", "{827E0CD3-B72D-47B6-A68D-7590B98EB39B}"
EndProject
Project("{FAE04EC0-301F-11D3-BF4B-00C04F79EFBC}") = "Felix.Api.Tests", "tests\Felix.Api.Tests\Felix.Api.Tests.csproj", "{EE79A317-389C-A21A-D999-AC5BBB673C5D}"
EndProject
Project("{FAE04EC0-301F-11D3-BF4B-00C04F79EFBC}") = "Felix.Domain.Tests", "tests\Felix.Domain.Tests\Felix.Domain.Tests.csproj", "{22AA0C4F-DE55-5C5C-D34C-E13FD1ABC2DF}"
EndProject
Project("{FAE04EC0-301F-11D3-BF4B-00C04F79EFBC}") = "Felix.Api", "src\Felix.Api\Felix.Api.csproj", "{C6EB7CC8-3B79-A08D-C01A-62136B909F64}"
EndProject
Project("{FAE04EC0-301F-11D3-BF4B-00C04F79EFBC}") = "Felix.Infrastructure", "src\Felix.Infrastructure\Felix.Infrastructure.csproj", "{D9F78E0E-D477-6B3A-9367-2427524BE6CD}"
EndProject
Project("{FAE04EC0-301F-11D3-BF4B-00C04F79EFBC}") = "Felix.Common", "src\Felix.Common\Felix.Common.csproj", "{7E5AB4CC-94A9-D104-DA0E-CC0D2ABA55EA}"
EndProject
Project("{FAE04EC0-301F-11D3-BF4B-00C04F79EFBC}") = "Felix.Domain", "src\Felix.Domain\Felix.Domain.csproj", "{1D257E5D-9D5C-BE90-A4B2-7457D2262AC0}"
EndProject
Global
	GlobalSection(SolutionConfigurationPlatforms) = preSolution
		Debug|Any CPU = Debug|Any CPU
		Release|Any CPU = Release|Any CPU
	EndGlobalSection
	GlobalSection(ProjectConfigurationPlatforms) = postSolution
		{EE79A317-389C-A21A-D999-AC5BBB673C5D}.Debug|Any CPU.ActiveCfg = Debug|Any CPU
		{EE79A317-389C-A21A-D999-AC5BBB673C5D}.Debug|Any CPU.Build.0 = Debug|Any CPU
		{EE79A317-389C-A21A-D999-AC5BBB673C5D}.Release|Any CPU.ActiveCfg = Release|Any CPU
		{EE79A317-389C-A21A-D999-AC5BBB673C5D}.Release|Any CPU.Build.0 = Release|Any CPU
		{22AA0C4F-DE55-5C5C-D34C-E13FD1ABC2DF}.Debug|Any CPU.ActiveCfg = Debug|Any CPU
		{22AA0C4F-DE55-5C5C-D34C-E13FD1ABC2DF}.Debug|Any CPU.Build.0 = Debug|Any CPU
		{22AA0C4F-DE55-5C5C-D34C-E13FD1ABC2DF}.Release|Any CPU.ActiveCfg = Release|Any CPU
		{22AA0C4F-DE55-5C5C-D34C-E13FD1ABC2DF}.Release|Any CPU.Build.0 = Release|Any CPU
		{C6EB7CC8-3B79-A08D-C01A-62136B909F64}.Debug|Any CPU.ActiveCfg = Debug|Any CPU
		{C6EB7CC8-3B79-A08D-C01A-62136B909F64}.Debug|Any CPU.Build.0 = Debug|Any CPU
		{C6EB7CC8-3B79-A08D-C01A-62136B909F64}.Release|Any CPU.ActiveCfg = Release|Any CPU
		{C6EB7CC8-3B79-A08D-C01A-62136B909F64}.Release|Any CPU.Build.0 = Release|Any CPU
		{D9F78E0E-D477-6B3A-9367-2427524BE6CD}.Debug|Any CPU.ActiveCfg = Debug|Any CPU
		{D9F78E0E-D477-6B3A-9367-2427524BE6CD}.Debug|Any CPU.Build.0 = Debug|Any CPU
		{D9F78E0E-D477-6B3A-9367-2427524BE6CD}.Release|Any CPU.ActiveCfg = Release|Any CPU
		{D9F78E0E-D477-6B3A-9367-2427524BE6CD}.Release|Any CPU.Build.0 = Release|Any CPU
		{7E5AB4CC-94A9-D104-DA0E-CC0D2ABA55EA}.Debug|Any CPU.ActiveCfg = Debug|Any CPU
		{7E5AB4CC-94A9-D104-DA0E-CC0D2ABA55EA}.Debug|Any CPU.Build.0 = Debug|Any CPU
		{7E5AB4CC-94A9-D104-DA0E-CC0D2ABA55EA}.Release|Any CPU.ActiveCfg = Release|Any CPU
		{7E5AB4CC-94A9-D104-DA0E-CC0D2ABA55EA}.Release|Any CPU.Build.0 = Release|Any CPU
		{1D257E5D-9D5C-BE90-A4B2-7457D2262AC0}.Debug|Any CPU.ActiveCfg = Debug|Any CPU
		{1D257E5D-9D5C-BE90-A4B2-7457D2262AC0}.Debug|Any CPU.Build.0 = Debug|Any CPU
		{1D257E5D-9D5C-BE90-A4B2-7457D2262AC0}.Release|Any CPU.ActiveCfg = Release|Any CPU
		{1D257E5D-9D5C-BE90-A4B2-7457D2262AC0}.Release|Any CPU.Build.0 = Release|Any CPU
	EndGlobalSection
	GlobalSection(SolutionProperties) = preSolution
		HideSolutionNode = FALSE
	EndGlobalSection
	GlobalSection(NestedProjects) = preSolution
		{EE79A317-389C-A21A-D999-AC5BBB673C5D} = {0AB3BF05-4346-4AA6-1389-037BE0695223}
		{22AA0C4F-DE55-5C5C-D34C-E13FD1ABC2DF} = {0AB3BF05-4346-4AA6-1389-037BE0695223}
		{C6EB7CC8-3B79-A08D-C01A-62136B909F64} = {827E0CD3-B72D-47B6-A68D-7590B98EB39B}
		{D9F78E0E-D477-6B3A-9367-2427524BE6CD} = {827E0CD3-B72D-47B6-A68D-7590B98EB39B}
		{7E5AB4CC-94A9-D104-DA0E-CC0D2ABA55EA} = {827E0CD3-B72D-47B6-A68D-7590B98EB39B}
		{1D257E5D-9D5C-BE90-A4B2-7457D2262AC0} = {827E0CD3-B72D-47B6-A68D-7590B98EB39B}
	EndGlobalSection
	GlobalSection(ExtensibilityGlobals) = postSolution
		SolutionGuid = {2B2B89A4-5D51-4357-A6AB-CC335DE8DE03}
	EndGlobalSection
EndGlobal
